
Microsoft Visual Studio Solution File, Format Version 12.00
# Visual Studio 15
VisualStudioVersion = 15.0.27130.2010
MinimumVisualStudioVersion = 10.0.40219.1
Project("{9A19103F-16F7-4668-BE54-9A1E7A4F7556}") = "Problem 1. Anonymous Downsite", "Problem 1. Anonymous Downsite\Problem 1. Anonymous Downsite.csproj", "{20C8C239-3657-4290-B4F3-80C8C4207285}"
EndProject
Project("{9A19103F-16F7-4668-BE54-9A1E7A4F7556}") = "Problem 2. Anonymous Threat", "Problem 2. Anonymous Threat\Problem 2. Anonymous Threat.csproj", "{AC683669-A023-4C9C-9164-7F84DADCE373}"
EndProject
Project("{FAE04EC0-301F-11D3-BF4B-00C04F79EFBC}") = "Problem 3. Anonymous Vox", "Problem 3. Anonymous Vox\Problem 3. Anonymous Vox.csproj", "{2BD9888A-9EA8-4FFE-BE11-014C5F8DC8AA}"
EndProject
Project("{FAE04EC0-301F-11D3-BF4B-00C04F79EFBC}") = "Problem 4. Anonymous Cache", "Problem 4. Anonymous Cache\Problem 4. Anonymous Cache.csproj", "{F9017DB1-5884-416D-9C37-F89B80DD7A54}"
EndProject
Global
	GlobalSection(SolutionConfigurationPlatforms) = preSolution
		Debug|Any CPU = Debug|Any CPU
		Release|Any CPU = Release|Any CPU
	EndGlobalSection
	GlobalSection(ProjectConfigurationPlatforms) = postSolution
		{20C8C239-3657-4290-B4F3-80C8C4207285}.Debug|Any CPU.ActiveCfg = Debug|Any CPU
		{20C8C239-3657-4290-B4F3-80C8C4207285}.Debug|Any CPU.Build.0 = Debug|Any CPU
		{20C8C239-3657-4290-B4F3-80C8C4207285}.Release|Any CPU.ActiveCfg = Release|Any CPU
		{20C8C239-3657-4290-B4F3-80C8C4207285}.Release|Any CPU.Build.0 = Release|Any CPU
		{AC683669-A023-4C9C-9164-7F84DADCE373}.Debug|Any CPU.ActiveCfg = Debug|Any CPU
		{AC683669-A023-4C9C-9164-7F84DADCE373}.Debug|Any CPU.Build.0 = Debug|Any CPU
		{AC683669-A023-4C9C-9164-7F84DADCE373}.Release|Any CPU.ActiveCfg = Release|Any CPU
		{AC683669-A023-4C9C-9164-7F84DADCE373}.Release|Any CPU.Build.0 = Release|Any CPU
		{2BD9888A-9EA8-4FFE-BE11-014C5F8DC8AA}.Debug|Any CPU.ActiveCfg = Debug|Any CPU
		{2BD9888A-9EA8-4FFE-BE11-014C5F8DC8AA}.Debug|Any CPU.Build.0 = Debug|Any CPU
		{2BD9888A-9EA8-4FFE-BE11-014C5F8DC8AA}.Release|Any CPU.ActiveCfg = Release|Any CPU
		{2BD9888A-9EA8-4FFE-BE11-014C5F8DC8AA}.Release|Any CPU.Build.0 = Release|Any CPU
		{F9017DB1-5884-416D-9C37-F89B80DD7A54}.Debug|Any CPU.ActiveCfg = Debug|Any CPU
		{F9017DB1-5884-416D-9C37-F89B80DD7A54}.Debug|Any CPU.Build.0 = Debug|Any CPU
		{F9017DB1-5884-416D-9C37-F89B80DD7A54}.Release|Any CPU.ActiveCfg = Release|Any CPU
		{F9017DB1-5884-416D-9C37-F89B80DD7A54}.Release|Any CPU.Build.0 = Release|Any CPU
	EndGlobalSection
	GlobalSection(SolutionProperties) = preSolution
		HideSolutionNode = FALSE
	EndGlobalSection
	GlobalSection(ExtensibilityGlobals) = postSolution
		SolutionGuid = {E063CF35-D7D0-4314-8F41-30A04377E3BD}
	EndGlobalSection
EndGlobal
