
Microsoft Visual Studio Solution File, Format Version 12.00
# Visual Studio 15
VisualStudioVersion = 15.0.27130.2010
MinimumVisualStudioVersion = 10.0.40219.1
Project("{9A19103F-16F7-4668-BE54-9A1E7A4F7556}") = "Problem 1 – Sweet Dessert", "Problem 1 – Sweet Dessert\Problem 1 – Sweet Dessert.csproj", "{0E92CDD3-DD95-4D0A-8AFF-ABF8CAADBFE7}"
EndProject
Project("{FAE04EC0-301F-11D3-BF4B-00C04F79EFBC}") = "Problem 2 – Command Interpreter", "Problem 2 – Command Interpreter\Problem 2 – Command Interpreter.csproj", "{26D5C12E-CAE9-470B-93E5-447166A84C3E}"
EndProject
Project("{FAE04EC0-301F-11D3-BF4B-00C04F79EFBC}") = "Problem 3 – Rage Quit", "Problem 3 – Rage Quit\Problem 3 – Rage Quit.csproj", "{E0EE5502-811A-45FB-B785-4F5B6C86C580}"
EndProject
Project("{FAE04EC0-301F-11D3-BF4B-00C04F79EFBC}") = "Problem 4. Files", "Problem 4. Files\Problem 4. Files.csproj", "{D6943282-F31F-4625-8D29-D4EED758D313}"
EndProject
Global
	GlobalSection(SolutionConfigurationPlatforms) = preSolution
		Debug|Any CPU = Debug|Any CPU
		Release|Any CPU = Release|Any CPU
	EndGlobalSection
	GlobalSection(ProjectConfigurationPlatforms) = postSolution
		{0E92CDD3-DD95-4D0A-8AFF-ABF8CAADBFE7}.Debug|Any CPU.ActiveCfg = Debug|Any CPU
		{0E92CDD3-DD95-4D0A-8AFF-ABF8CAADBFE7}.Debug|Any CPU.Build.0 = Debug|Any CPU
		{0E92CDD3-DD95-4D0A-8AFF-ABF8CAADBFE7}.Release|Any CPU.ActiveCfg = Release|Any CPU
		{0E92CDD3-DD95-4D0A-8AFF-ABF8CAADBFE7}.Release|Any CPU.Build.0 = Release|Any CPU
		{26D5C12E-CAE9-470B-93E5-447166A84C3E}.Debug|Any CPU.ActiveCfg = Debug|Any CPU
		{26D5C12E-CAE9-470B-93E5-447166A84C3E}.Debug|Any CPU.Build.0 = Debug|Any CPU
		{26D5C12E-CAE9-470B-93E5-447166A84C3E}.Release|Any CPU.ActiveCfg = Release|Any CPU
		{26D5C12E-CAE9-470B-93E5-447166A84C3E}.Release|Any CPU.Build.0 = Release|Any CPU
		{E0EE5502-811A-45FB-B785-4F5B6C86C580}.Debug|Any CPU.ActiveCfg = Debug|Any CPU
		{E0EE5502-811A-45FB-B785-4F5B6C86C580}.Debug|Any CPU.Build.0 = Debug|Any CPU
		{E0EE5502-811A-45FB-B785-4F5B6C86C580}.Release|Any CPU.ActiveCfg = Release|Any CPU
		{E0EE5502-811A-45FB-B785-4F5B6C86C580}.Release|Any CPU.Build.0 = Release|Any CPU
		{D6943282-F31F-4625-8D29-D4EED758D313}.Debug|Any CPU.ActiveCfg = Debug|Any CPU
		{D6943282-F31F-4625-8D29-D4EED758D313}.Debug|Any CPU.Build.0 = Debug|Any CPU
		{D6943282-F31F-4625-8D29-D4EED758D313}.Release|Any CPU.ActiveCfg = Release|Any CPU
		{D6943282-F31F-4625-8D29-D4EED758D313}.Release|Any CPU.Build.0 = Release|Any CPU
	EndGlobalSection
	GlobalSection(SolutionProperties) = preSolution
		HideSolutionNode = FALSE
	EndGlobalSection
	GlobalSection(ExtensibilityGlobals) = postSolution
		SolutionGuid = {48878D45-F7EE-43FE-AF2D-53BB69F2BD8A}
	EndGlobalSection
EndGlobal
